
Microsoft Visual Studio Solution File, Format Version 12.00
# Visual Studio Version 17
VisualStudioVersion = 17.0.31919.166
MinimumVisualStudioVersion = 10.0.40219.1
Project("{FAE04EC0-301F-11D3-BF4B-00C04F79EFBC}") = "CursoBasicoC_Sharp", "CursoBasicoC_Sharp.csproj", "{09FE0CEF-9E45-425D-AEE5-A825001928DD}"
EndProject
Global
	GlobalSection(SolutionConfigurationPlatforms) = preSolution
		Debug|Any CPU = Debug|Any CPU
		Release|Any CPU = Release|Any CPU
	EndGlobalSection
	GlobalSection(ProjectConfigurationPlatforms) = postSolution
		{09FE0CEF-9E45-425D-AEE5-A825001928DD}.Debug|Any CPU.ActiveCfg = Debug|Any CPU
		{09FE0CEF-9E45-425D-AEE5-A825001928DD}.Debug|Any CPU.Build.0 = Debug|Any CPU
		{09FE0CEF-9E45-425D-AEE5-A825001928DD}.Release|Any CPU.ActiveCfg = Release|Any CPU
		{09FE0CEF-9E45-425D-AEE5-A825001928DD}.Release|Any CPU.Build.0 = Release|Any CPU
	EndGlobalSection
	GlobalSection(SolutionProperties) = preSolution
		HideSolutionNode = FALSE
	EndGlobalSection
	GlobalSection(ExtensibilityGlobals) = postSolution
		SolutionGuid = {92BDB5A0-619C-478C-AB8C-29C043551929}
	EndGlobalSection
EndGlobal
